
Microsoft Visual Studio Solution File, Format Version 12.00
# Visual Studio Version 17
VisualStudioVersion = 17.0.31903.59
MinimumVisualStudioVersion = 10.0.40219.1
Project("{2150E333-8FDC-42A3-9474-1A3956D46DE8}") = "app", "app", "{38658112-6778-41BD-A580-686DF206341A}"
EndProject
Project("{FAE04EC0-301F-11D3-BF4B-00C04F79EFBC}") = "Todo.API", "app\Todo.API\Todo.API.csproj", "{7D3DA73C-8B15-4F9A-8FB8-927D568E6E22}"
EndProject
Project("{FAE04EC0-301F-11D3-BF4B-00C04F79EFBC}") = "Todo.Domain", "app\Todo.Domain\Todo.Domain.csproj", "{3011B27D-9A73-47D1-A73F-B27551F3CB83}"
EndProject
Project("{2150E333-8FDC-42A3-9474-1A3956D46DE8}") = "Solution Items", "Solution Items", "{A053EB30-710B-4DFD-840C-3B1E86C2C11D}"
	ProjectSection(SolutionItems) = preProject
		compose.yaml = compose.yaml
	EndProjectSection
EndProject
Project("{FAE04EC0-301F-11D3-BF4B-00C04F79EFBC}") = "Todo.DataAccess", "app\Todo.DataAccess\Todo.DataAccess.csproj", "{B5FA00E0-8C6A-41D8-885E-0C14D39DB422}"
EndProject
Project("{2150E333-8FDC-42A3-9474-1A3956D46DE8}") = "shared", "shared", "{1A8C7C96-CF22-454F-AE34-37FAB3519FC8}"
EndProject
Project("{FAE04EC0-301F-11D3-BF4B-00C04F79EFBC}") = "Shared", "shared\Shared\Shared.csproj", "{50F6E5EC-2C51-4F09-811F-F791FD18DA0D}"
EndProject
Project("{FAE04EC0-301F-11D3-BF4B-00C04F79EFBC}") = "Todo.BussinessLayer", "app\Todo.BussinessLayer\Todo.BussinessLayer.csproj", "{EE715792-2134-44B8-A00B-90880A5F37C7}"
EndProject
Global
	GlobalSection(SolutionConfigurationPlatforms) = preSolution
		Debug|Any CPU = Debug|Any CPU
		Release|Any CPU = Release|Any CPU
	EndGlobalSection
	GlobalSection(SolutionProperties) = preSolution
		HideSolutionNode = FALSE
	EndGlobalSection
	GlobalSection(NestedProjects) = preSolution
		{7D3DA73C-8B15-4F9A-8FB8-927D568E6E22} = {38658112-6778-41BD-A580-686DF206341A}
		{3011B27D-9A73-47D1-A73F-B27551F3CB83} = {38658112-6778-41BD-A580-686DF206341A}
		{B5FA00E0-8C6A-41D8-885E-0C14D39DB422} = {38658112-6778-41BD-A580-686DF206341A}
		{50F6E5EC-2C51-4F09-811F-F791FD18DA0D} = {1A8C7C96-CF22-454F-AE34-37FAB3519FC8}
		{EE715792-2134-44B8-A00B-90880A5F37C7} = {38658112-6778-41BD-A580-686DF206341A}
	EndGlobalSection
	GlobalSection(ProjectConfigurationPlatforms) = postSolution
		{7D3DA73C-8B15-4F9A-8FB8-927D568E6E22}.Debug|Any CPU.ActiveCfg = Debug|Any CPU
		{7D3DA73C-8B15-4F9A-8FB8-927D568E6E22}.Debug|Any CPU.Build.0 = Debug|Any CPU
		{7D3DA73C-8B15-4F9A-8FB8-927D568E6E22}.Release|Any CPU.ActiveCfg = Release|Any CPU
		{7D3DA73C-8B15-4F9A-8FB8-927D568E6E22}.Release|Any CPU.Build.0 = Release|Any CPU
		{3011B27D-9A73-47D1-A73F-B27551F3CB83}.Debug|Any CPU.ActiveCfg = Debug|Any CPU
		{3011B27D-9A73-47D1-A73F-B27551F3CB83}.Debug|Any CPU.Build.0 = Debug|Any CPU
		{3011B27D-9A73-47D1-A73F-B27551F3CB83}.Release|Any CPU.ActiveCfg = Release|Any CPU
		{3011B27D-9A73-47D1-A73F-B27551F3CB83}.Release|Any CPU.Build.0 = Release|Any CPU
		{B5FA00E0-8C6A-41D8-885E-0C14D39DB422}.Debug|Any CPU.ActiveCfg = Debug|Any CPU
		{B5FA00E0-8C6A-41D8-885E-0C14D39DB422}.Debug|Any CPU.Build.0 = Debug|Any CPU
		{B5FA00E0-8C6A-41D8-885E-0C14D39DB422}.Release|Any CPU.ActiveCfg = Release|Any CPU
		{B5FA00E0-8C6A-41D8-885E-0C14D39DB422}.Release|Any CPU.Build.0 = Release|Any CPU
		{50F6E5EC-2C51-4F09-811F-F791FD18DA0D}.Debug|Any CPU.ActiveCfg = Debug|Any CPU
		{50F6E5EC-2C51-4F09-811F-F791FD18DA0D}.Debug|Any CPU.Build.0 = Debug|Any CPU
		{50F6E5EC-2C51-4F09-811F-F791FD18DA0D}.Release|Any CPU.ActiveCfg = Release|Any CPU
		{50F6E5EC-2C51-4F09-811F-F791FD18DA0D}.Release|Any CPU.Build.0 = Release|Any CPU
		{EE715792-2134-44B8-A00B-90880A5F37C7}.Debug|Any CPU.ActiveCfg = Debug|Any CPU
		{EE715792-2134-44B8-A00B-90880A5F37C7}.Debug|Any CPU.Build.0 = Debug|Any CPU
		{EE715792-2134-44B8-A00B-90880A5F37C7}.Release|Any CPU.ActiveCfg = Release|Any CPU
		{EE715792-2134-44B8-A00B-90880A5F37C7}.Release|Any CPU.Build.0 = Release|Any CPU
	EndGlobalSection
EndGlobal
